
Microsoft Visual Studio Solution File, Format Version 12.00
# Visual Studio 14
VisualStudioVersion = 14.0.25420.1
MinimumVisualStudioVersion = 10.0.40219.1
Project("{FAE04EC0-301F-11D3-BF4B-00C04F79EFBC}") = "01. Register Users", "01. Register Users\01. Register Users.csproj", "{0C7B38E2-21C7-45A0-B187-0525A2EA945F}"
EndProject
Project("{FAE04EC0-301F-11D3-BF4B-00C04F79EFBC}") = "02. Default Values", "02. Default Values\02. Default Values.csproj", "{6C0FAAA7-E014-4268-979F-6788F398BD3F}"
EndProject
Project("{FAE04EC0-301F-11D3-BF4B-00C04F79EFBC}") = "03. Flatten Dictionary", "03. Flatten Dictionary\03. Flatten Dictionary.csproj", "{DA863992-EF9F-4D1F-9FC8-99FAFAACA6D1}"
EndProject
Project("{FAE04EC0-301F-11D3-BF4B-00C04F79EFBC}") = "04.  CottageScraper", "04.  CottageScraper\04.  CottageScraper.csproj", "{3220FE68-8865-4FEA-BCCE-AA8F6A7C059F}"
EndProject
Global
	GlobalSection(SolutionConfigurationPlatforms) = preSolution
		Debug|Any CPU = Debug|Any CPU
		Release|Any CPU = Release|Any CPU
	EndGlobalSection
	GlobalSection(ProjectConfigurationPlatforms) = postSolution
		{0C7B38E2-21C7-45A0-B187-0525A2EA945F}.Debug|Any CPU.ActiveCfg = Debug|Any CPU
		{0C7B38E2-21C7-45A0-B187-0525A2EA945F}.Debug|Any CPU.Build.0 = Debug|Any CPU
		{0C7B38E2-21C7-45A0-B187-0525A2EA945F}.Release|Any CPU.ActiveCfg = Release|Any CPU
		{0C7B38E2-21C7-45A0-B187-0525A2EA945F}.Release|Any CPU.Build.0 = Release|Any CPU
		{6C0FAAA7-E014-4268-979F-6788F398BD3F}.Debug|Any CPU.ActiveCfg = Debug|Any CPU
		{6C0FAAA7-E014-4268-979F-6788F398BD3F}.Debug|Any CPU.Build.0 = Debug|Any CPU
		{6C0FAAA7-E014-4268-979F-6788F398BD3F}.Release|Any CPU.ActiveCfg = Release|Any CPU
		{6C0FAAA7-E014-4268-979F-6788F398BD3F}.Release|Any CPU.Build.0 = Release|Any CPU
		{DA863992-EF9F-4D1F-9FC8-99FAFAACA6D1}.Debug|Any CPU.ActiveCfg = Debug|Any CPU
		{DA863992-EF9F-4D1F-9FC8-99FAFAACA6D1}.Debug|Any CPU.Build.0 = Debug|Any CPU
		{DA863992-EF9F-4D1F-9FC8-99FAFAACA6D1}.Release|Any CPU.ActiveCfg = Release|Any CPU
		{DA863992-EF9F-4D1F-9FC8-99FAFAACA6D1}.Release|Any CPU.Build.0 = Release|Any CPU
		{3220FE68-8865-4FEA-BCCE-AA8F6A7C059F}.Debug|Any CPU.ActiveCfg = Debug|Any CPU
		{3220FE68-8865-4FEA-BCCE-AA8F6A7C059F}.Debug|Any CPU.Build.0 = Debug|Any CPU
		{3220FE68-8865-4FEA-BCCE-AA8F6A7C059F}.Release|Any CPU.ActiveCfg = Release|Any CPU
		{3220FE68-8865-4FEA-BCCE-AA8F6A7C059F}.Release|Any CPU.Build.0 = Release|Any CPU
	EndGlobalSection
	GlobalSection(SolutionProperties) = preSolution
		HideSolutionNode = FALSE
	EndGlobalSection
EndGlobal
